
Microsoft Visual Studio Solution File, Format Version 12.00
# Visual Studio 15
VisualStudioVersion = 15.0.28307.1267
MinimumVisualStudioVersion = 10.0.40219.1
Project("{FAE04EC0-301F-11D3-BF4B-00C04F79EFBC}") = "ServerChatApp_006_AlfianHidayah", "ServerChatApp_006_AlfianHidayah\ServerChatApp_006_AlfianHidayah.csproj", "{61315927-16D5-4B86-BB1E-BE6C2B1FD12D}"
EndProject
Global
	GlobalSection(SolutionConfigurationPlatforms) = preSolution
		Debug|Any CPU = Debug|Any CPU
		Release|Any CPU = Release|Any CPU
	EndGlobalSection
	GlobalSection(ProjectConfigurationPlatforms) = postSolution
		{61315927-16D5-4B86-BB1E-BE6C2B1FD12D}.Debug|Any CPU.ActiveCfg = Debug|Any CPU
		{61315927-16D5-4B86-BB1E-BE6C2B1FD12D}.Debug|Any CPU.Build.0 = Debug|Any CPU
		{61315927-16D5-4B86-BB1E-BE6C2B1FD12D}.Release|Any CPU.ActiveCfg = Release|Any CPU
		{61315927-16D5-4B86-BB1E-BE6C2B1FD12D}.Release|Any CPU.Build.0 = Release|Any CPU
	EndGlobalSection
	GlobalSection(SolutionProperties) = preSolution
		HideSolutionNode = FALSE
	EndGlobalSection
	GlobalSection(ExtensibilityGlobals) = postSolution
		SolutionGuid = {653C29D3-34C5-4380-A161-4E666A729904}
	EndGlobalSection
EndGlobal
